// !$*UTF8*$!
{
	archiveVersion = 1;
	classes = {
	};
	objectVersion = 50;
	objects = {

/* Begin PBXBuildFile section */
		4B2DA401208D1573008368CC /* PlaySoundsViewController+Audio.swift in Sources */ = {isa = PBXBuildFile; fileRef = 4B2DA400208D1572008368CC /* PlaySoundsViewController+Audio.swift */; };
		4B56BAE8208CC6B300E65609 /* PlaySoundsViewController.swift in Sources */ = {isa = PBXBuildFile; fileRef = 4B56BAE7208CC6B300E65609 /* PlaySoundsViewController.swift */; };
		4BBD584E2088D5D0004A25D4 /* AppDelegate.swift in Sources */ = {isa = PBXBuildFile; fileRef = 4BBD584D2088D5D0004A25D4 /* AppDelegate.swift */; };
		4BBD58502088D5D0004A25D4 /* RecordViewController.swift in Sources */ = {isa = PBXBuildFile; fileRef = 4BBD584F2088D5D0004A25D4 /* RecordViewController.swift */; };
		4BBD58532088D5D0004A25D4 /* Main.storyboard in Resources */ = {isa = PBXBuildFile; fileRef = 4BBD58512088D5D0004A25D4 /* Main.storyboard */; };
		4BBD58552088D5D1004A25D4 /* Assets.xcassets in Resources */ = {isa = PBXBuildFile; fileRef = 4BBD58542088D5D1004A25D4 /* Assets.xcassets */; };
		4BBD58582088D5D1004A25D4 /* LaunchScreen.storyboard in Resources */ = {isa = PBXBuildFile; fileRef = 4BBD58562088D5D1004A25D4 /* LaunchScreen.storyboard */; };
/* End PBXBuildFile section */

/* Begin PBXFileReference section */
		4B2DA400208D1572008368CC /* PlaySoundsViewController+Audio.swift */ = {isa = PBXFileReference; fileEncoding = 4; lastKnownFileType = sourcecode.swift; path = "PlaySoundsViewController+Audio.swift"; sourceTree = "<group>"; };
		4B56BAE7208CC6B300E65609 /* PlaySoundsViewController.swift */ = {isa = PBXFileReference; lastKnownFileType = sourcecode.swift; path = PlaySoundsViewController.swift; sourceTree = "<group>"; };
		4BBD584A2088D5D0004A25D4 /* Funny Voice.app */ = {isa = PBXFileReference; explicitFileType = wrapper.application; includeInIndex = 0; path = "Funny Voice.app"; sourceTree = BUILT_PRODUCTS_DIR; };
		4BBD584D2088D5D0004A25D4 /* AppDelegate.swift */ = {isa = PBXFileReference; lastKnownFileType = sourcecode.swift; path = AppDelegate.swift; sourceTree = "<group>"; };
		4BBD584F2088D5D0004A25D4 /* RecordViewController.swift */ = {isa = PBXFileReference; lastKnownFileType = sourcecode.swift; path = RecordViewController.swift; sourceTree = "<group>"; };
		4BBD58522088D5D0004A25D4 /* Base */ = {isa = PBXFileReference; lastKnownFileType = file.storyboard; name = Base; path = Base.lproj/Main.storyboard; sourceTree = "<group>"; };
		4BBD58542088D5D1004A25D4 /* Assets.xcassets */ = {isa = PBXFileReference; lastKnownFileType = folder.assetcatalog; path = Assets.xcassets; sourceTree = "<group>"; };
		4BBD58572088D5D1004A25D4 /* Base */ = {isa = PBXFileReference; lastKnownFileType = file.storyboard; name = Base; path = Base.lproj/LaunchScreen.storyboard; sourceTree = "<group>"; };
		4BBD58592088D5D1004A25D4 /* Info.plist */ = {isa = PBXFileReference; lastKnownFileType = text.plist.xml; path = Info.plist; sourceTree = "<group>"; };
/* End PBXFileReference section */

/* Begin PBXFrameworksBuildPhase section */
		4BBD58472088D5D0004A25D4 /* Frameworks */ = {
			isa = PBXFrameworksBuildPhase;
			buildActionMask = 2147483647;
			files = (
			);
			runOnlyForDeploymentPostprocessing = 0;
		};
/* End PBXFrameworksBuildPhase section */

/* Begin PBXGroup section */
		4BBD58412088D5CF004A25D4 = {
			isa = PBXGroup;
			children = (
				4BBD584C2088D5D0004A25D4 /* Funny Voice */,
				4BBD584B2088D5D0004A25D4 /* Products */,
			);
			sourceTree = "<group>";
		};
		4BBD584B2088D5D0004A25D4 /* Products */ = {
			isa = PBXGroup;
			children = (
				4BBD584A2088D5D0004A25D4 /* Funny Voice.app */,
			);
			name = Products;
			sourceTree = "<group>";
		};
		4BBD584C2088D5D0004A25D4 /* Funny Voice */ = {
			isa = PBXGroup;
			children = (
				4BBD584D2088D5D0004A25D4 /* AppDelegate.swift */,
				4BBD584F2088D5D0004A25D4 /* RecordViewController.swift */,
				4BBD58512088D5D0004A25D4 /* Main.storyboard */,
				4BBD58542088D5D1004A25D4 /* Assets.xcassets */,
				4BBD58562088D5D1004A25D4 /* LaunchScreen.storyboard */,
				4BBD58592088D5D1004A25D4 /* Info.plist */,
				4B56BAE7208CC6B300E65609 /* PlaySoundsViewController.swift */,
				4B2DA400208D1572008368CC /* PlaySoundsViewController+Audio.swift */,
			);
			path = "Funny Voice";
			sourceTree = "<group>";
		};
/* End PBXGroup section */

/* Begin PBXNativeTarget section */
		4BBD58492088D5D0004A25D4 /* Funny Voice */ = {
			isa = PBXNativeTarget;
			buildConfigurationList = 4BBD585C2088D5D1004A25D4 /* Build configuration list for PBXNativeTarget "Funny Voice" */;
			buildPhases = (
				4BBD58462088D5D0004A25D4 /* Sources */,
				4BBD58472088D5D0004A25D4 /* Frameworks */,
				4BBD58482088D5D0004A25D4 /* Resources */,
			);
			buildRules = (
			);
			dependencies = (
			);
			name = "Funny Voice";
			productName = "Funny Voice";
			productReference = 4BBD584A2088D5D0004A25D4 /* Funny Voice.app */;
			productType = "com.apple.product-type.application";
		};
/* End PBXNativeTarget section */

/* Begin PBXProject section */
		4BBD58422088D5CF004A25D4 /* Project object */ = {
			isa = PBXProject;
			attributes = {
				LastSwiftUpdateCheck = 0930;
				LastUpgradeCheck = 0930;
				ORGANIZATIONNAME = "Faisal Manzer";
				TargetAttributes = {
					4BBD58492088D5D0004A25D4 = {
						CreatedOnToolsVersion = 9.3;
					};
				};
			};
			buildConfigurationList = 4BBD58452088D5CF004A25D4 /* Build configuration list for PBXProject "Funny Voice" */;
			compatibilityVersion = "Xcode 9.3";
			developmentRegion = en;
			hasScannedForEncodings = 0;
			knownRegions = (
				en,
				Base,
			);
			mainGroup = 4BBD58412088D5CF004A25D4;
			productRefGroup = 4BBD584B2088D5D0004A25D4 /* Products */;
			projectDirPath = "";
			projectRoot = "";
			targets = (
				4BBD58492088D5D0004A25D4 /* Funny Voice */,
			);
		};
/* End PBXProject section */

/* Begin PBXResourcesBuildPhase section */
		4BBD58482088D5D0004A25D4 /* Resources */ = {
			isa = PBXResourcesBuildPhase;
			buildActionMask = 2147483647;
			files = (
				4BBD58582088D5D1004A25D4 /* LaunchScreen.storyboard in Resources */,
				4BBD58552088D5D1004A25D4 /* Assets.xcassets in Resources */,
				4BBD58532088D5D0004A25D4 /* Main.storyboard in Resources */,
			);
			runOnlyForDeploymentPostprocessing = 0;
		};
/* End PBXResourcesBuildPhase section */

/* Begin PBXSourcesBuildPhase section */
		4BBD58462088D5D0004A25D4 /* Sources */ = {
			isa = PBXSourcesBuildPhase;
			buildActionMask = 2147483647;
			files = (
				4BBD58502088D5D0004A25D4 /* RecordViewController.swift in Sources */,
				4B2DA401208D1573008368CC /* PlaySoundsViewController+Audio.swift in Sources */,
				4B56BAE8208CC6B300E65609 /* PlaySoundsViewController.swift in Sources */,
				4BBD584E2088D5D0004A25D4 /* AppDelegate.swift in Sources */,
			);
			runOnlyForDeploymentPostprocessing = 0;
		};
/* End PBXSourcesBuildPhase section */

/* Begin PBXVariantGroup section */
		4BBD58512088D5D0004A25D4 /* Main.storyboard */ = {
			isa = PBXVariantGroup;
			children = (
				4BBD58522088D5D0004A25D4 /* Base */,
			);
			name = Main.storyboard;
			sourceTree = "<group>";
		};
		4BBD58562088D5D1004A25D4 /* LaunchScreen.storyboard */ = {
			isa = PBXVariantGroup;
			children = (
				4BBD58572088D5D1004A25D4 /* Base */,
			);
			name = LaunchScreen.storyboard;
			sourceTree = "<group>";
		};
/* End PBXVariantGroup section */

/* Begin XCBuildConfiguration section */
		4BBD585A2088D5D1004A25D4 /* Debug */ = {
			isa = XCBuildConfiguration;
			buildSettings = {
				ALWAYS_SEARCH_USER_PATHS = NO;
				CLANG_ANALYZER_NONNULL = YES;
				CLANG_ANALYZER_NUMBER_OBJECT_CONVERSION = YES_AGGRESSIVE;
				CLANG_CXX_LANGUAGE_STANDARD = "gnu++14";
				CLANG_CXX_LIBRARY = "libc++";
				CLANG_ENABLE_MODULES = YES;
				CLANG_ENABLE_OBJC_ARC = YES;
				CLANG_ENABLE_OBJC_WEAK = YES;
				CLANG_WARN_BLOCK_CAPTURE_AUTORELEASING = YES;
				CLANG_WARN_BOOL_CONVERSION = YES;
				CLANG_WARN_COMMA = YES;
				CLANG_WARN_CONSTANT_CONVERSION = YES;
				CLANG_WARN_DEPRECATED_OBJC_IMPLEMENTATIONS = YES;
				CLANG_WARN_DIRECT_OBJC_ISA_USAGE = YES_ERROR;
				CLANG_WARN_DOCUMENTATION_COMMENTS = YES;
				CLANG_WARN_EMPTY_BODY = YES;
				CLANG_WARN_ENUM_CONVERSION = YES;
				CLANG_WARN_INFINITE_RECURSION = YES;
				CLANG_WARN_INT_CONVERSION = YES;
				CLANG_WARN_NON_LITERAL_NULL_CONVERSION = YES;
				CLANG_WARN_OBJC_IMPLICIT_RETAIN_SELF = YES;
				CLANG_WARN_OBJC_LITERAL_CONVERSION = YES;
				CLANG_WARN_OBJC_ROOT_CLASS = YES_ERROR;
				CLANG_WARN_RANGE_LOOP_ANALYSIS = YES;
				CLANG_WARN_STRICT_PROTOTYPES = YES;
				CLANG_WARN_SUSPICIOUS_MOVE = YES;
				CLANG_WARN_UNGUARDED_AVAILABILITY = YES_AGGRESSIVE;
				CLANG_WARN_UNREACHABLE_CODE = YES;
				CLANG_WARN__DUPLICATE_METHOD_MATCH = YES;
				CODE_SIGN_IDENTITY = "iPhone Developer";
				COPY_PHASE_STRIP = NO;
				DEBUG_INFORMATION_FORMAT = dwarf;
				ENABLE_STRICT_OBJC_MSGSEND = YES;
				ENABLE_TESTABILITY = YES;
				GCC_C_LANGUAGE_STANDARD = gnu11;
				GCC_DYNAMIC_NO_PIC = NO;
				GCC_NO_COMMON_BLOCKS = YES;
				GCC_OPTIMIZATION_LEVEL = 0;
				GCC_PREPROCESSOR_DEFINITIONS = (
					"DEBUG=1",
					"$(inherited)",
				);
				GCC_WARN_64_TO_32_BIT_CONVERSION = YES;
				GCC_WARN_ABOUT_RETURN_TYPE = YES_ERROR;
				GCC_WARN_UNDECLARED_SELECTOR = YES;
				GCC_WARN_UNINITIALIZED_AUTOS = YES_AGGRESSIVE;
				GCC_WARN_UNUSED_FUNCTION = YES;
				GCC_WARN_UNUSED_VARIABLE = YES;
				IPHONEOS_DEPLOYMENT_TARGET = 11.3;
				MTL_ENABLE_DEBUG_INFO = YES;
				ONLY_ACTIVE_ARCH = YES;
				SDKROOT = iphoneos;
				SWIFT_ACTIVE_COMPILATION_CONDITIONS = DEBUG;
				SWIFT_OPTIMIZATION_LEVEL = "-Onone";
			};
			name = Debug;
		};
		4BBD585B2088D5D1004A25D4 /* Release */ = {
			isa = XCBuildConfiguration;
			buildSettings = {
				ALWAYS_SEARCH_USER_PATHS = NO;
				CLANG_ANALYZER_NONNULL = YES;
				CLANG_ANALYZER_NUMBER_OBJECT_CONVERSION = YES_AGGRESSIVE;
				CLANG_CXX_LANGUAGE_STANDARD = "gnu++14";
				CLANG_CXX_LIBRARY = "libc++";
				CLANG_ENABLE_MODULES = YES;
				CLANG_ENABLE_OBJC_ARC = YES;
				CLANG_ENABLE_OBJC_WEAK = YES;
				CLANG_WARN_BLOCK_CAPTURE_AUTORELEASING = YES;
				CLANG_WARN_BOOL_CONVERSION = YES;
				CLANG_WARN_COMMA = YES;
				CLANG_WARN_CONSTANT_CONVERSION = YES;
				CLANG_WARN_DEPRECATED_OBJC_IMPLEMENTATIONS = YES;
				CLANG_WARN_DIRECT_OBJC_ISA_USAGE = YES_ERROR;
				CLANG_WARN_DOCUMENTATION_COMMENTS = YES;
				CLANG_WARN_EMPTY_BODY = YES;
				CLANG_WARN_ENUM_CONVERSION = YES;
				CLANG_WARN_INFINITE_RECURSION = YES;
				CLANG_WARN_INT_CONVERSION = YES;
				CLANG_WARN_NON_LITERAL_NULL_CONVERSION = YES;
				CLANG_WARN_OBJC_IMPLICIT_RETAIN_SELF = YES;
				CLANG_WARN_OBJC_LITERAL_CONVERSION = YES;
				CLANG_WARN_OBJC_ROOT_CLASS = YES_ERROR;
				CLANG_WARN_RANGE_LOOP_ANALYSIS = YES;
				CLANG_WARN_STRICT_PROTOTYPES = YES;
				CLANG_WARN_SUSPICIOUS_MOVE = YES;
				CLANG_WARN_UNGUARDED_AVAILABILITY = YES_AGGRESSIVE;
				CLANG_WARN_UNREACHABLE_CODE = YES;
				CLANG_WARN__DUPLICATE_METHOD_MATCH = YES;
				CODE_SIGN_IDENTITY = "iPhone Developer";
				COPY_PHASE_STRIP = NO;
				DEBUG_INFORMATION_FORMAT = "dwarf-with-dsym";
				ENABLE_NS_ASSERTIONS = NO;
				ENABLE_STRICT_OBJC_MSGSEND = YES;
				GCC_C_LANGUAGE_STANDARD = gnu11;
				GCC_NO_COMMON_BLOCKS = YES;
				GCC_WARN_64_TO_32_BIT_CONVERSION = YES;
				GCC_WARN_ABOUT_RETURN_TYPE = YES_ERROR;
				GCC_WARN_UNDECLARED_SELECTOR = YES;
				GCC_WARN_UNINITIALIZED_AUTOS = YES_AGGRESSIVE;
				GCC_WARN_UNUSED_FUNCTION = YES;
				GCC_WARN_UNUSED_VARIABLE = YES;
				IPHONEOS_DEPLOYMENT_TARGET = 11.3;
				MTL_ENABLE_DEBUG_INFO = NO;
				SDKROOT = iphoneos;
				SWIFT_COMPILATION_MODE = wholemodule;
				SWIFT_OPTIMIZATION_LEVEL = "-O";
				VALIDATE_PRODUCT = YES;
			};
			name = Release;
		};
		4BBD585D2088D5D1004A25D4 /* Debug */ = {
			isa = XCBuildConfiguration;
			buildSettings = {
				ASSETCATALOG_COMPILER_APPICON_NAME = AppIcon;
				CODE_SIGN_STYLE = Automatic;
				DEVELOPMENT_TEAM = 2M76S75JTV;
				INFOPLIST_FILE = "Funny Voice/Info.plist";
				LD_RUNPATH_SEARCH_PATHS = (
					"$(inherited)",
					"@executable_path/Frameworks",
				);
				PRODUCT_BUNDLE_IDENTIFIER = "in.faisal-manzer.Funny-Voice";
				PRODUCT_NAME = "$(TARGET_NAME)";
				SWIFT_VERSION = 4.0;
				TARGETED_DEVICE_FAMILY = "1,2";
			};
			name = Debug;
		};
		4BBD585E2088D5D1004A25D4 /* Release */ = {
			isa = XCBuildConfiguration;
			buildSettings = {
				ASSETCATALOG_COMPILER_APPICON_NAME = AppIcon;
				CODE_SIGN_STYLE = Automatic;
				DEVELOPMENT_TEAM = 2M76S75JTV;
				INFOPLIST_FILE = "Funny Voice/Info.plist";
				LD_RUNPATH_SEARCH_PATHS = (
					"$(inherited)",
					"@executable_path/Frameworks",
				);
				PRODUCT_BUNDLE_IDENTIFIER = "in.faisal-manzer.Funny-Voice";
				PRODUCT_NAME = "$(TARGET_NAME)";
				SWIFT_VERSION = 4.0;
				TARGETED_DEVICE_FAMILY = "1,2";
			};
			name = Release;
		};
/* End XCBuildConfiguration section */

/* Begin XCConfigurationList section */
		4BBD58452088D5CF004A25D4 /* Build configuration list for PBXProject "Funny Voice" */ = {
			isa = XCConfigurationList;
			buildConfigurations = (
				4BBD585A2088D5D1004A25D4 /* Debug */,
				4BBD585B2088D5D1004A25D4 /* Release */,
			);
			defaultConfigurationIsVisible = 0;
			defaultConfigurationName = Release;
		};
		4BBD585C2088D5D1004A25D4 /* Build configuration list for PBXNativeTarget "Funny Voice" */ = {
			isa = XCConfigurationList;
			buildConfigurations = (
				4BBD585D2088D5D1004A25D4 /* Debug */,
				4BBD585E2088D5D1004A25D4 /* Release */,
			);
			defaultConfigurationIsVisible = 0;
			defaultConfigurationName = Release;
		};
/* End XCConfigurationList section */
	};
	rootObject = 4BBD58422088D5CF004A25D4 /* Project object */;
}
